{
  "name": "Gamma MCA",
  "version": "2023-01-30",
  "lockfileVersion": 3,
  "requires": true,
  "packages": {
    "": {
      "name": "Gamma MCA",
      "version": "2023-01-30",
      "devDependencies": {
        "@types/w3c-web-serial": "^1.0.3",
        "typescript": "^4.9.4"
      }
    },
    "node_modules/@types/w3c-web-serial": {
      "version": "1.0.3",
      "resolved": "https://registry.npmjs.org/@types/w3c-web-serial/-/w3c-web-serial-1.0.3.tgz",
      "integrity": "sha512-R4J/OjqKAUFQoXVIkaUTfzb/sl6hLh/ZhDTfowJTRMa7LhgEmI/jXV4zsL1u8HpNa853BxwNmDIr0pauizzwSQ==",
      "dev": true
    },
    "node_modules/typescript": {
      "version": "4.9.5",
      "resolved": "https://registry.npmjs.org/typescript/-/typescript-4.9.5.tgz",
      "integrity": "sha512-1FXk9E2Hm+QzZQ7z+McJiHL4NW1F2EzMu9Nq9i3zAaGqibafqYwCVU6WyWAuyQRRzOlxou8xZSyXLEN8oKj24g==",
      "dev": true,
      "bin": {
        "tsc": "bin/tsc",
        "tsserver": "bin/tsserver"
      },
      "engines": {
        "node": ">=4.2.0"
      }
    }
  }
}
